
Microsoft Visual Studio Solution File, Format Version 12.00
# Visual Studio 15
VisualStudioVersion = 15.0.26823.1
MinimumVisualStudioVersion = 10.0.40219.1
Project("{FAE04EC0-301F-11D3-BF4B-00C04F79EFBC}") = "Glitter", "Glitter\Glitter.csproj", "{35DD5F4D-60F1-498C-9BCA-CA238D0647BF}"
EndProject
Project("{FAE04EC0-301F-11D3-BF4B-00C04F79EFBC}") = "Glitter.ConsoleFrontend", "Glitter.ConsoleFrontend\Glitter.ConsoleFrontend.csproj", "{0B4AF1CC-40C8-48D4-8B44-2E89E9E0BD92}"
EndProject
Project("{FAE04EC0-301F-11D3-BF4B-00C04F79EFBC}") = "Glitter.Tests", "Glitter.Tests\Glitter.Tests.csproj", "{E0D947B0-6A2A-476B-AA18-72CBE60547C2}"
EndProject
Global
	GlobalSection(SolutionConfigurationPlatforms) = preSolution
		Debug|Any CPU = Debug|Any CPU
		Release|Any CPU = Release|Any CPU
	EndGlobalSection
	GlobalSection(ProjectConfigurationPlatforms) = postSolution
		{35DD5F4D-60F1-498C-9BCA-CA238D0647BF}.Debug|Any CPU.ActiveCfg = Debug|Any CPU
		{35DD5F4D-60F1-498C-9BCA-CA238D0647BF}.Debug|Any CPU.Build.0 = Debug|Any CPU
		{35DD5F4D-60F1-498C-9BCA-CA238D0647BF}.Release|Any CPU.ActiveCfg = Release|Any CPU
		{35DD5F4D-60F1-498C-9BCA-CA238D0647BF}.Release|Any CPU.Build.0 = Release|Any CPU
		{0B4AF1CC-40C8-48D4-8B44-2E89E9E0BD92}.Debug|Any CPU.ActiveCfg = Debug|Any CPU
		{0B4AF1CC-40C8-48D4-8B44-2E89E9E0BD92}.Debug|Any CPU.Build.0 = Debug|Any CPU
		{0B4AF1CC-40C8-48D4-8B44-2E89E9E0BD92}.Release|Any CPU.ActiveCfg = Release|Any CPU
		{0B4AF1CC-40C8-48D4-8B44-2E89E9E0BD92}.Release|Any CPU.Build.0 = Release|Any CPU
		{E0D947B0-6A2A-476B-AA18-72CBE60547C2}.Debug|Any CPU.ActiveCfg = Debug|Any CPU
		{E0D947B0-6A2A-476B-AA18-72CBE60547C2}.Debug|Any CPU.Build.0 = Debug|Any CPU
		{E0D947B0-6A2A-476B-AA18-72CBE60547C2}.Release|Any CPU.ActiveCfg = Release|Any CPU
		{E0D947B0-6A2A-476B-AA18-72CBE60547C2}.Release|Any CPU.Build.0 = Release|Any CPU
	EndGlobalSection
	GlobalSection(SolutionProperties) = preSolution
		HideSolutionNode = FALSE
	EndGlobalSection
	GlobalSection(ExtensibilityGlobals) = postSolution
		SolutionGuid = {C6866851-EB0C-4189-852D-79C17BB420D8}
	EndGlobalSection
EndGlobal
